{
    "_readme": [
        "This file locks the dependencies of your project to a known state",
        "Read more about it at https://getcomposer.org/doc/01-basic-usage.md#composer-lock-the-lock-file",
        "This file is @generated automatically"
    ],
    "hash": "c55410c90d38239624a7b61fced5d506",
    "content-hash": "b9a5ab44f185d6c52af92474087ce20e",
    "packages": [],
    "packages-dev": [],
    "aliases": [],
    "minimum-stability": "dev",
    "stability-flags": [],
    "prefer-stable": false,
    "prefer-lowest": false,
    "platform": {
        "php": ">=5.5"
    },
    "platform-dev": []
}
